
Microsoft Visual Studio Solution File, Format Version 12.00
# Visual Studio Version 17
VisualStudioVersion = 17.10.35027.167
MinimumVisualStudioVersion = 10.0.40219.1
Project("{FAE04EC0-301F-11D3-BF4B-00C04F79EFBC}") = "tongmangdequy", "tongmangdequy\tongmangdequy.csproj", "{F972C78A-31F2-4355-A0B8-6DE106288AA6}"
EndProject
Project("{FAE04EC0-301F-11D3-BF4B-00C04F79EFBC}") = "quicksortdequy", "quicksortdequy\quicksortdequy.csproj", "{A0E20A64-56CF-4516-86B4-26FEE1648B67}"
EndProject
Project("{FAE04EC0-301F-11D3-BF4B-00C04F79EFBC}") = "tknpkhongdeqi", "tknpkhongdeqi\tknpkhongdeqi.csproj", "{DAEBF48A-F1CD-4D27-B683-63DE97A1CA1C}"
EndProject
Project("{FAE04EC0-301F-11D3-BF4B-00C04F79EFBC}") = "tknpdeqi", "tknpdeqi\tknpdeqi.csproj", "{ABFCB0F3-8A73-488E-8BA6-D187029237A7}"
EndProject
Project("{FAE04EC0-301F-11D3-BF4B-00C04F79EFBC}") = "tongmangkhongdeq", "tongmangkhongdeq\tongmangkhongdeq.csproj", "{D5E7ACCB-0B7A-40A6-BFAA-529320D6D92C}"
EndProject
Global
	GlobalSection(SolutionConfigurationPlatforms) = preSolution
		Debug|Any CPU = Debug|Any CPU
		Release|Any CPU = Release|Any CPU
	EndGlobalSection
	GlobalSection(ProjectConfigurationPlatforms) = postSolution
		{F972C78A-31F2-4355-A0B8-6DE106288AA6}.Debug|Any CPU.ActiveCfg = Debug|Any CPU
		{F972C78A-31F2-4355-A0B8-6DE106288AA6}.Debug|Any CPU.Build.0 = Debug|Any CPU
		{F972C78A-31F2-4355-A0B8-6DE106288AA6}.Release|Any CPU.ActiveCfg = Release|Any CPU
		{F972C78A-31F2-4355-A0B8-6DE106288AA6}.Release|Any CPU.Build.0 = Release|Any CPU
		{A0E20A64-56CF-4516-86B4-26FEE1648B67}.Debug|Any CPU.ActiveCfg = Debug|Any CPU
		{A0E20A64-56CF-4516-86B4-26FEE1648B67}.Debug|Any CPU.Build.0 = Debug|Any CPU
		{A0E20A64-56CF-4516-86B4-26FEE1648B67}.Release|Any CPU.ActiveCfg = Release|Any CPU
		{A0E20A64-56CF-4516-86B4-26FEE1648B67}.Release|Any CPU.Build.0 = Release|Any CPU
		{DAEBF48A-F1CD-4D27-B683-63DE97A1CA1C}.Debug|Any CPU.ActiveCfg = Debug|Any CPU
		{DAEBF48A-F1CD-4D27-B683-63DE97A1CA1C}.Debug|Any CPU.Build.0 = Debug|Any CPU
		{DAEBF48A-F1CD-4D27-B683-63DE97A1CA1C}.Release|Any CPU.ActiveCfg = Release|Any CPU
		{DAEBF48A-F1CD-4D27-B683-63DE97A1CA1C}.Release|Any CPU.Build.0 = Release|Any CPU
		{ABFCB0F3-8A73-488E-8BA6-D187029237A7}.Debug|Any CPU.ActiveCfg = Debug|Any CPU
		{ABFCB0F3-8A73-488E-8BA6-D187029237A7}.Debug|Any CPU.Build.0 = Debug|Any CPU
		{ABFCB0F3-8A73-488E-8BA6-D187029237A7}.Release|Any CPU.ActiveCfg = Release|Any CPU
		{ABFCB0F3-8A73-488E-8BA6-D187029237A7}.Release|Any CPU.Build.0 = Release|Any CPU
		{D5E7ACCB-0B7A-40A6-BFAA-529320D6D92C}.Debug|Any CPU.ActiveCfg = Debug|Any CPU
		{D5E7ACCB-0B7A-40A6-BFAA-529320D6D92C}.Debug|Any CPU.Build.0 = Debug|Any CPU
		{D5E7ACCB-0B7A-40A6-BFAA-529320D6D92C}.Release|Any CPU.ActiveCfg = Release|Any CPU
		{D5E7ACCB-0B7A-40A6-BFAA-529320D6D92C}.Release|Any CPU.Build.0 = Release|Any CPU
	EndGlobalSection
	GlobalSection(SolutionProperties) = preSolution
		HideSolutionNode = FALSE
	EndGlobalSection
	GlobalSection(ExtensibilityGlobals) = postSolution
		SolutionGuid = {5C7A3D79-1393-4742-82B1-D350C998F69D}
	EndGlobalSection
EndGlobal
